// !$*UTF8*$!
{
	archiveVersion = 1;
	classes = {
	};
	objectVersion = 50;
	objects = {

/* Begin PBXBuildFile section */
		816EB13E25311CC400CE316D /* DuaaApp.swift in Sources */ = {isa = PBXBuildFile; fileRef = 816EB13D25311CC400CE316D /* DuaaApp.swift */; };
		816EB14025311CC400CE316D /* ContentView.swift in Sources */ = {isa = PBXBuildFile; fileRef = 816EB13F25311CC400CE316D /* ContentView.swift */; };
		816EB14225311CC400CE316D /* Assets.xcassets in Resources */ = {isa = PBXBuildFile; fileRef = 816EB14125311CC400CE316D /* Assets.xcassets */; };
		816EB14525311CC400CE316D /* Preview Assets.xcassets in Resources */ = {isa = PBXBuildFile; fileRef = 816EB14425311CC400CE316D /* Preview Assets.xcassets */; };
		816EB15025311CC500CE316D /* DuaaTests.swift in Sources */ = {isa = PBXBuildFile; fileRef = 816EB14F25311CC500CE316D /* DuaaTests.swift */; };
		816EB15B25311CC500CE316D /* DuaaUITests.swift in Sources */ = {isa = PBXBuildFile; fileRef = 816EB15A25311CC500CE316D /* DuaaUITests.swift */; };
/* End PBXBuildFile section */

/* Begin PBXContainerItemProxy section */
		816EB14C25311CC500CE316D /* PBXContainerItemProxy */ = {
			isa = PBXContainerItemProxy;
			containerPortal = 816EB13225311CC400CE316D /* Project object */;
			proxyType = 1;
			remoteGlobalIDString = 816EB13925311CC400CE316D;
			remoteInfo = Duaa;
		};
		816EB15725311CC500CE316D /* PBXContainerItemProxy */ = {
			isa = PBXContainerItemProxy;
			containerPortal = 816EB13225311CC400CE316D /* Project object */;
			proxyType = 1;
			remoteGlobalIDString = 816EB13925311CC400CE316D;
			remoteInfo = Duaa;
		};
/* End PBXContainerItemProxy section */

/* Begin PBXFileReference section */
		816EB13A25311CC400CE316D /* Duaa.app */ = {isa = PBXFileReference; explicitFileType = wrapper.application; includeInIndex = 0; path = Duaa.app; sourceTree = BUILT_PRODUCTS_DIR; };
		816EB13D25311CC400CE316D /* DuaaApp.swift */ = {isa = PBXFileReference; lastKnownFileType = sourcecode.swift; path = DuaaApp.swift; sourceTree = "<group>"; };
		816EB13F25311CC400CE316D /* ContentView.swift */ = {isa = PBXFileReference; lastKnownFileType = sourcecode.swift; path = ContentView.swift; sourceTree = "<group>"; };
		816EB14125311CC400CE316D /* Assets.xcassets */ = {isa = PBXFileReference; lastKnownFileType = folder.assetcatalog; path = Assets.xcassets; sourceTree = "<group>"; };
		816EB14425311CC400CE316D /* Preview Assets.xcassets */ = {isa = PBXFileReference; lastKnownFileType = folder.assetcatalog; path = "Preview Assets.xcassets"; sourceTree = "<group>"; };
		816EB14625311CC400CE316D /* Info.plist */ = {isa = PBXFileReference; lastKnownFileType = text.plist.xml; path = Info.plist; sourceTree = "<group>"; };
		816EB14B25311CC500CE316D /* DuaaTests.xctest */ = {isa = PBXFileReference; explicitFileType = wrapper.cfbundle; includeInIndex = 0; path = DuaaTests.xctest; sourceTree = BUILT_PRODUCTS_DIR; };
		816EB14F25311CC500CE316D /* DuaaTests.swift */ = {isa = PBXFileReference; lastKnownFileType = sourcecode.swift; path = DuaaTests.swift; sourceTree = "<group>"; };
		816EB15125311CC500CE316D /* Info.plist */ = {isa = PBXFileReference; lastKnownFileType = text.plist.xml; path = Info.plist; sourceTree = "<group>"; };
		816EB15625311CC500CE316D /* DuaaUITests.xctest */ = {isa = PBXFileReference; explicitFileType = wrapper.cfbundle; includeInIndex = 0; path = DuaaUITests.xctest; sourceTree = BUILT_PRODUCTS_DIR; };
		816EB15A25311CC500CE316D /* DuaaUITests.swift */ = {isa = PBXFileReference; lastKnownFileType = sourcecode.swift; path = DuaaUITests.swift; sourceTree = "<group>"; };
		816EB15C25311CC500CE316D /* Info.plist */ = {isa = PBXFileReference; lastKnownFileType = text.plist.xml; path = Info.plist; sourceTree = "<group>"; };
/* End PBXFileReference section */

/* Begin PBXFrameworksBuildPhase section */
		816EB13725311CC400CE316D /* Frameworks */ = {
			isa = PBXFrameworksBuildPhase;
			buildActionMask = 2147483647;
			files = (
			);
			runOnlyForDeploymentPostprocessing = 0;
		};
		816EB14825311CC500CE316D /* Frameworks */ = {
			isa = PBXFrameworksBuildPhase;
			buildActionMask = 2147483647;
			files = (
			);
			runOnlyForDeploymentPostprocessing = 0;
		};
		816EB15325311CC500CE316D /* Frameworks */ = {
			isa = PBXFrameworksBuildPhase;
			buildActionMask = 2147483647;
			files = (
			);
			runOnlyForDeploymentPostprocessing = 0;
		};
/* End PBXFrameworksBuildPhase section */

/* Begin PBXGroup section */
		816EB13125311CC400CE316D = {
			isa = PBXGroup;
			children = (
				816EB13C25311CC400CE316D /* Duaa */,
				816EB14E25311CC500CE316D /* DuaaTests */,
				816EB15925311CC500CE316D /* DuaaUITests */,
				816EB13B25311CC400CE316D /* Products */,
			);
			sourceTree = "<group>";
		};
		816EB13B25311CC400CE316D /* Products */ = {
			isa = PBXGroup;
			children = (
				816EB13A25311CC400CE316D /* Duaa.app */,
				816EB14B25311CC500CE316D /* DuaaTests.xctest */,
				816EB15625311CC500CE316D /* DuaaUITests.xctest */,
			);
			name = Products;
			sourceTree = "<group>";
		};
		816EB13C25311CC400CE316D /* Duaa */ = {
			isa = PBXGroup;
			children = (
				816EB13D25311CC400CE316D /* DuaaApp.swift */,
				816EB13F25311CC400CE316D /* ContentView.swift */,
				816EB14125311CC400CE316D /* Assets.xcassets */,
				816EB14625311CC400CE316D /* Info.plist */,
				816EB14325311CC400CE316D /* Preview Content */,
			);
			path = Duaa;
			sourceTree = "<group>";
		};
		816EB14325311CC400CE316D /* Preview Content */ = {
			isa = PBXGroup;
			children = (
				816EB14425311CC400CE316D /* Preview Assets.xcassets */,
			);
			path = "Preview Content";
			sourceTree = "<group>";
		};
		816EB14E25311CC500CE316D /* DuaaTests */ = {
			isa = PBXGroup;
			children = (
				816EB14F25311CC500CE316D /* DuaaTests.swift */,
				816EB15125311CC500CE316D /* Info.plist */,
			);
			path = DuaaTests;
			sourceTree = "<group>";
		};
		816EB15925311CC500CE316D /* DuaaUITests */ = {
			isa = PBXGroup;
			children = (
				816EB15A25311CC500CE316D /* DuaaUITests.swift */,
				816EB15C25311CC500CE316D /* Info.plist */,
			);
			path = DuaaUITests;
			sourceTree = "<group>";
		};
/* End PBXGroup section */

/* Begin PBXNativeTarget section */
		816EB13925311CC400CE316D /* Duaa */ = {
			isa = PBXNativeTarget;
			buildConfigurationList = 816EB15F25311CC500CE316D /* Build configuration list for PBXNativeTarget "Duaa" */;
			buildPhases = (
				816EB13625311CC400CE316D /* Sources */,
				816EB13725311CC400CE316D /* Frameworks */,
				816EB13825311CC400CE316D /* Resources */,
			);
			buildRules = (
			);
			dependencies = (
			);
			name = Duaa;
			productName = Duaa;
			productReference = 816EB13A25311CC400CE316D /* Duaa.app */;
			productType = "com.apple.product-type.application";
		};
		816EB14A25311CC500CE316D /* DuaaTests */ = {
			isa = PBXNativeTarget;
			buildConfigurationList = 816EB16225311CC500CE316D /* Build configuration list for PBXNativeTarget "DuaaTests" */;
			buildPhases = (
				816EB14725311CC500CE316D /* Sources */,
				816EB14825311CC500CE316D /* Frameworks */,
				816EB14925311CC500CE316D /* Resources */,
			);
			buildRules = (
			);
			dependencies = (
				816EB14D25311CC500CE316D /* PBXTargetDependency */,
			);
			name = DuaaTests;
			productName = DuaaTests;
			productReference = 816EB14B25311CC500CE316D /* DuaaTests.xctest */;
			productType = "com.apple.product-type.bundle.unit-test";
		};
		816EB15525311CC500CE316D /* DuaaUITests */ = {
			isa = PBXNativeTarget;
			buildConfigurationList = 816EB16525311CC500CE316D /* Build configuration list for PBXNativeTarget "DuaaUITests" */;
			buildPhases = (
				816EB15225311CC500CE316D /* Sources */,
				816EB15325311CC500CE316D /* Frameworks */,
				816EB15425311CC500CE316D /* Resources */,
			);
			buildRules = (
			);
			dependencies = (
				816EB15825311CC500CE316D /* PBXTargetDependency */,
			);
			name = DuaaUITests;
			productName = DuaaUITests;
			productReference = 816EB15625311CC500CE316D /* DuaaUITests.xctest */;
			productType = "com.apple.product-type.bundle.ui-testing";
		};
/* End PBXNativeTarget section */

/* Begin PBXProject section */
		816EB13225311CC400CE316D /* Project object */ = {
			isa = PBXProject;
			attributes = {
				LastSwiftUpdateCheck = 1200;
				LastUpgradeCheck = 1200;
				TargetAttributes = {
					816EB13925311CC400CE316D = {
						CreatedOnToolsVersion = 12.0;
					};
					816EB14A25311CC500CE316D = {
						CreatedOnToolsVersion = 12.0;
						TestTargetID = 816EB13925311CC400CE316D;
					};
					816EB15525311CC500CE316D = {
						CreatedOnToolsVersion = 12.0;
						TestTargetID = 816EB13925311CC400CE316D;
					};
				};
			};
			buildConfigurationList = 816EB13525311CC400CE316D /* Build configuration list for PBXProject "Duaa" */;
			compatibilityVersion = "Xcode 9.3";
			developmentRegion = en;
			hasScannedForEncodings = 0;
			knownRegions = (
				en,
				Base,
			);
			mainGroup = 816EB13125311CC400CE316D;
			productRefGroup = 816EB13B25311CC400CE316D /* Products */;
			projectDirPath = "";
			projectRoot = "";
			targets = (
				816EB13925311CC400CE316D /* Duaa */,
				816EB14A25311CC500CE316D /* DuaaTests */,
				816EB15525311CC500CE316D /* DuaaUITests */,
			);
		};
/* End PBXProject section */

/* Begin PBXResourcesBuildPhase section */
		816EB13825311CC400CE316D /* Resources */ = {
			isa = PBXResourcesBuildPhase;
			buildActionMask = 2147483647;
			files = (
				816EB14525311CC400CE316D /* Preview Assets.xcassets in Resources */,
				816EB14225311CC400CE316D /* Assets.xcassets in Resources */,
			);
			runOnlyForDeploymentPostprocessing = 0;
		};
		816EB14925311CC500CE316D /* Resources */ = {
			isa = PBXResourcesBuildPhase;
			buildActionMask = 2147483647;
			files = (
			);
			runOnlyForDeploymentPostprocessing = 0;
		};
		816EB15425311CC500CE316D /* Resources */ = {
			isa = PBXResourcesBuildPhase;
			buildActionMask = 2147483647;
			files = (
			);
			runOnlyForDeploymentPostprocessing = 0;
		};
/* End PBXResourcesBuildPhase section */

/* Begin PBXSourcesBuildPhase section */
		816EB13625311CC400CE316D /* Sources */ = {
			isa = PBXSourcesBuildPhase;
			buildActionMask = 2147483647;
			files = (
				816EB14025311CC400CE316D /* ContentView.swift in Sources */,
				816EB13E25311CC400CE316D /* DuaaApp.swift in Sources */,
			);
			runOnlyForDeploymentPostprocessing = 0;
		};
		816EB14725311CC500CE316D /* Sources */ = {
			isa = PBXSourcesBuildPhase;
			buildActionMask = 2147483647;
			files = (
				816EB15025311CC500CE316D /* DuaaTests.swift in Sources */,
			);
			runOnlyForDeploymentPostprocessing = 0;
		};
		816EB15225311CC500CE316D /* Sources */ = {
			isa = PBXSourcesBuildPhase;
			buildActionMask = 2147483647;
			files = (
				816EB15B25311CC500CE316D /* DuaaUITests.swift in Sources */,
			);
			runOnlyForDeploymentPostprocessing = 0;
		};
/* End PBXSourcesBuildPhase section */

/* Begin PBXTargetDependency section */
		816EB14D25311CC500CE316D /* PBXTargetDependency */ = {
			isa = PBXTargetDependency;
			target = 816EB13925311CC400CE316D /* Duaa */;
			targetProxy = 816EB14C25311CC500CE316D /* PBXContainerItemProxy */;
		};
		816EB15825311CC500CE316D /* PBXTargetDependency */ = {
			isa = PBXTargetDependency;
			target = 816EB13925311CC400CE316D /* Duaa */;
			targetProxy = 816EB15725311CC500CE316D /* PBXContainerItemProxy */;
		};
/* End PBXTargetDependency section */

/* Begin XCBuildConfiguration section */
		816EB15D25311CC500CE316D /* Debug */ = {
			isa = XCBuildConfiguration;
			buildSettings = {
				ALWAYS_SEARCH_USER_PATHS = NO;
				CLANG_ANALYZER_NONNULL = YES;
				CLANG_ANALYZER_NUMBER_OBJECT_CONVERSION = YES_AGGRESSIVE;
				CLANG_CXX_LANGUAGE_STANDARD = "gnu++14";
				CLANG_CXX_LIBRARY = "libc++";
				CLANG_ENABLE_MODULES = YES;
				CLANG_ENABLE_OBJC_ARC = YES;
				CLANG_ENABLE_OBJC_WEAK = YES;
				CLANG_WARN_BLOCK_CAPTURE_AUTORELEASING = YES;
				CLANG_WARN_BOOL_CONVERSION = YES;
				CLANG_WARN_COMMA = YES;
				CLANG_WARN_CONSTANT_CONVERSION = YES;
				CLANG_WARN_DEPRECATED_OBJC_IMPLEMENTATIONS = YES;
				CLANG_WARN_DIRECT_OBJC_ISA_USAGE = YES_ERROR;
				CLANG_WARN_DOCUMENTATION_COMMENTS = YES;
				CLANG_WARN_EMPTY_BODY = YES;
				CLANG_WARN_ENUM_CONVERSION = YES;
				CLANG_WARN_INFINITE_RECURSION = YES;
				CLANG_WARN_INT_CONVERSION = YES;
				CLANG_WARN_NON_LITERAL_NULL_CONVERSION = YES;
				CLANG_WARN_OBJC_IMPLICIT_RETAIN_SELF = YES;
				CLANG_WARN_OBJC_LITERAL_CONVERSION = YES;
				CLANG_WARN_OBJC_ROOT_CLASS = YES_ERROR;
				CLANG_WARN_QUOTED_INCLUDE_IN_FRAMEWORK_HEADER = YES;
				CLANG_WARN_RANGE_LOOP_ANALYSIS = YES;
				CLANG_WARN_STRICT_PROTOTYPES = YES;
				CLANG_WARN_SUSPICIOUS_MOVE = YES;
				CLANG_WARN_UNGUARDED_AVAILABILITY = YES_AGGRESSIVE;
				CLANG_WARN_UNREACHABLE_CODE = YES;
				CLANG_WARN__DUPLICATE_METHOD_MATCH = YES;
				COPY_PHASE_STRIP = NO;
				DEBUG_INFORMATION_FORMAT = dwarf;
				ENABLE_STRICT_OBJC_MSGSEND = YES;
				ENABLE_TESTABILITY = YES;
				GCC_C_LANGUAGE_STANDARD = gnu11;
				GCC_DYNAMIC_NO_PIC = NO;
				GCC_NO_COMMON_BLOCKS = YES;
				GCC_OPTIMIZATION_LEVEL = 0;
				GCC_PREPROCESSOR_DEFINITIONS = (
					"DEBUG=1",
					"$(inherited)",
				);
				GCC_WARN_64_TO_32_BIT_CONVERSION = YES;
				GCC_WARN_ABOUT_RETURN_TYPE = YES_ERROR;
				GCC_WARN_UNDECLARED_SELECTOR = YES;
				GCC_WARN_UNINITIALIZED_AUTOS = YES_AGGRESSIVE;
				GCC_WARN_UNUSED_FUNCTION = YES;
				GCC_WARN_UNUSED_VARIABLE = YES;
				IPHONEOS_DEPLOYMENT_TARGET = 14.0;
				MTL_ENABLE_DEBUG_INFO = INCLUDE_SOURCE;
				MTL_FAST_MATH = YES;
				ONLY_ACTIVE_ARCH = YES;
				SDKROOT = iphoneos;
				SWIFT_ACTIVE_COMPILATION_CONDITIONS = DEBUG;
				SWIFT_OPTIMIZATION_LEVEL = "-Onone";
			};
			name = Debug;
		};
		816EB15E25311CC500CE316D /* Release */ = {
			isa = XCBuildConfiguration;
			buildSettings = {
				ALWAYS_SEARCH_USER_PATHS = NO;
				CLANG_ANALYZER_NONNULL = YES;
				CLANG_ANALYZER_NUMBER_OBJECT_CONVERSION = YES_AGGRESSIVE;
				CLANG_CXX_LANGUAGE_STANDARD = "gnu++14";
				CLANG_CXX_LIBRARY = "libc++";
				CLANG_ENABLE_MODULES = YES;
				CLANG_ENABLE_OBJC_ARC = YES;
				CLANG_ENABLE_OBJC_WEAK = YES;
				CLANG_WARN_BLOCK_CAPTURE_AUTORELEASING = YES;
				CLANG_WARN_BOOL_CONVERSION = YES;
				CLANG_WARN_COMMA = YES;
				CLANG_WARN_CONSTANT_CONVERSION = YES;
				CLANG_WARN_DEPRECATED_OBJC_IMPLEMENTATIONS = YES;
				CLANG_WARN_DIRECT_OBJC_ISA_USAGE = YES_ERROR;
				CLANG_WARN_DOCUMENTATION_COMMENTS = YES;
				CLANG_WARN_EMPTY_BODY = YES;
				CLANG_WARN_ENUM_CONVERSION = YES;
				CLANG_WARN_INFINITE_RECURSION = YES;
				CLANG_WARN_INT_CONVERSION = YES;
				CLANG_WARN_NON_LITERAL_NULL_CONVERSION = YES;
				CLANG_WARN_OBJC_IMPLICIT_RETAIN_SELF = YES;
				CLANG_WARN_OBJC_LITERAL_CONVERSION = YES;
				CLANG_WARN_OBJC_ROOT_CLASS = YES_ERROR;
				CLANG_WARN_QUOTED_INCLUDE_IN_FRAMEWORK_HEADER = YES;
				CLANG_WARN_RANGE_LOOP_ANALYSIS = YES;
				CLANG_WARN_STRICT_PROTOTYPES = YES;
				CLANG_WARN_SUSPICIOUS_MOVE = YES;
				CLANG_WARN_UNGUARDED_AVAILABILITY = YES_AGGRESSIVE;
				CLANG_WARN_UNREACHABLE_CODE = YES;
				CLANG_WARN__DUPLICATE_METHOD_MATCH = YES;
				COPY_PHASE_STRIP = NO;
				DEBUG_INFORMATION_FORMAT = "dwarf-with-dsym";
				ENABLE_NS_ASSERTIONS = NO;
				ENABLE_STRICT_OBJC_MSGSEND = YES;
				GCC_C_LANGUAGE_STANDARD = gnu11;
				GCC_NO_COMMON_BLOCKS = YES;
				GCC_WARN_64_TO_32_BIT_CONVERSION = YES;
				GCC_WARN_ABOUT_RETURN_TYPE = YES_ERROR;
				GCC_WARN_UNDECLARED_SELECTOR = YES;
				GCC_WARN_UNINITIALIZED_AUTOS = YES_AGGRESSIVE;
				GCC_WARN_UNUSED_FUNCTION = YES;
				GCC_WARN_UNUSED_VARIABLE = YES;
				IPHONEOS_DEPLOYMENT_TARGET = 14.0;
				MTL_ENABLE_DEBUG_INFO = NO;
				MTL_FAST_MATH = YES;
				SDKROOT = iphoneos;
				SWIFT_COMPILATION_MODE = wholemodule;
				SWIFT_OPTIMIZATION_LEVEL = "-O";
				VALIDATE_PRODUCT = YES;
			};
			name = Release;
		};
		816EB16025311CC500CE316D /* Debug */ = {
			isa = XCBuildConfiguration;
			buildSettings = {
				ASSETCATALOG_COMPILER_APPICON_NAME = AppIcon;
				ASSETCATALOG_COMPILER_GLOBAL_ACCENT_COLOR_NAME = AccentColor;
				CODE_SIGN_STYLE = Automatic;
				DEVELOPMENT_ASSET_PATHS = "\"Duaa/Preview Content\"";
				ENABLE_PREVIEWS = YES;
				INFOPLIST_FILE = Duaa/Info.plist;
				IPHONEOS_DEPLOYMENT_TARGET = 14.0;
				LD_RUNPATH_SEARCH_PATHS = (
					"$(inherited)",
					"@executable_path/Frameworks",
				);
				PRODUCT_BUNDLE_IDENTIFIER = duaa.Duaa;
				PRODUCT_NAME = "$(TARGET_NAME)";
				SWIFT_VERSION = 5.0;
				TARGETED_DEVICE_FAMILY = "1,2";
			};
			name = Debug;
		};
		816EB16125311CC500CE316D /* Release */ = {
			isa = XCBuildConfiguration;
			buildSettings = {
				ASSETCATALOG_COMPILER_APPICON_NAME = AppIcon;
				ASSETCATALOG_COMPILER_GLOBAL_ACCENT_COLOR_NAME = AccentColor;
				CODE_SIGN_STYLE = Automatic;
				DEVELOPMENT_ASSET_PATHS = "\"Duaa/Preview Content\"";
				ENABLE_PREVIEWS = YES;
				INFOPLIST_FILE = Duaa/Info.plist;
				IPHONEOS_DEPLOYMENT_TARGET = 14.0;
				LD_RUNPATH_SEARCH_PATHS = (
					"$(inherited)",
					"@executable_path/Frameworks",
				);
				PRODUCT_BUNDLE_IDENTIFIER = duaa.Duaa;
				PRODUCT_NAME = "$(TARGET_NAME)";
				SWIFT_VERSION = 5.0;
				TARGETED_DEVICE_FAMILY = "1,2";
			};
			name = Release;
		};
		816EB16325311CC500CE316D /* Debug */ = {
			isa = XCBuildConfiguration;
			buildSettings = {
				ALWAYS_EMBED_SWIFT_STANDARD_LIBRARIES = YES;
				BUNDLE_LOADER = "$(TEST_HOST)";
				CODE_SIGN_STYLE = Automatic;
				INFOPLIST_FILE = DuaaTests/Info.plist;
				IPHONEOS_DEPLOYMENT_TARGET = 14.0;
				LD_RUNPATH_SEARCH_PATHS = (
					"$(inherited)",
					"@executable_path/Frameworks",
					"@loader_path/Frameworks",
				);
				PRODUCT_BUNDLE_IDENTIFIER = duaa.DuaaTests;
				PRODUCT_NAME = "$(TARGET_NAME)";
				SWIFT_VERSION = 5.0;
				TARGETED_DEVICE_FAMILY = "1,2";
				TEST_HOST = "$(BUILT_PRODUCTS_DIR)/Duaa.app/Duaa";
			};
			name = Debug;
		};
		816EB16425311CC500CE316D /* Release */ = {
			isa = XCBuildConfiguration;
			buildSettings = {
				ALWAYS_EMBED_SWIFT_STANDARD_LIBRARIES = YES;
				BUNDLE_LOADER = "$(TEST_HOST)";
				CODE_SIGN_STYLE = Automatic;
				INFOPLIST_FILE = DuaaTests/Info.plist;
				IPHONEOS_DEPLOYMENT_TARGET = 14.0;
				LD_RUNPATH_SEARCH_PATHS = (
					"$(inherited)",
					"@executable_path/Frameworks",
					"@loader_path/Frameworks",
				);
				PRODUCT_BUNDLE_IDENTIFIER = duaa.DuaaTests;
				PRODUCT_NAME = "$(TARGET_NAME)";
				SWIFT_VERSION = 5.0;
				TARGETED_DEVICE_FAMILY = "1,2";
				TEST_HOST = "$(BUILT_PRODUCTS_DIR)/Duaa.app/Duaa";
			};
			name = Release;
		};
		816EB16625311CC500CE316D /* Debug */ = {
			isa = XCBuildConfiguration;
			buildSettings = {
				ALWAYS_EMBED_SWIFT_STANDARD_LIBRARIES = YES;
				CODE_SIGN_STYLE = Automatic;
				INFOPLIST_FILE = DuaaUITests/Info.plist;
				LD_RUNPATH_SEARCH_PATHS = (
					"$(inherited)",
					"@executable_path/Frameworks",
					"@loader_path/Frameworks",
				);
				PRODUCT_BUNDLE_IDENTIFIER = duaa.DuaaUITests;
				PRODUCT_NAME = "$(TARGET_NAME)";
				SWIFT_VERSION = 5.0;
				TARGETED_DEVICE_FAMILY = "1,2";
				TEST_TARGET_NAME = Duaa;
			};
			name = Debug;
		};
		816EB16725311CC500CE316D /* Release */ = {
			isa = XCBuildConfiguration;
			buildSettings = {
				ALWAYS_EMBED_SWIFT_STANDARD_LIBRARIES = YES;
				CODE_SIGN_STYLE = Automatic;
				INFOPLIST_FILE = DuaaUITests/Info.plist;
				LD_RUNPATH_SEARCH_PATHS = (
					"$(inherited)",
					"@executable_path/Frameworks",
					"@loader_path/Frameworks",
				);
				PRODUCT_BUNDLE_IDENTIFIER = duaa.DuaaUITests;
				PRODUCT_NAME = "$(TARGET_NAME)";
				SWIFT_VERSION = 5.0;
				TARGETED_DEVICE_FAMILY = "1,2";
				TEST_TARGET_NAME = Duaa;
			};
			name = Release;
		};
/* End XCBuildConfiguration section */

/* Begin XCConfigurationList section */
		816EB13525311CC400CE316D /* Build configuration list for PBXProject "Duaa" */ = {
			isa = XCConfigurationList;
			buildConfigurations = (
				816EB15D25311CC500CE316D /* Debug */,
				816EB15E25311CC500CE316D /* Release */,
			);
			defaultConfigurationIsVisible = 0;
			defaultConfigurationName = Release;
		};
		816EB15F25311CC500CE316D /* Build configuration list for PBXNativeTarget "Duaa" */ = {
			isa = XCConfigurationList;
			buildConfigurations = (
				816EB16025311CC500CE316D /* Debug */,
				816EB16125311CC500CE316D /* Release */,
			);
			defaultConfigurationIsVisible = 0;
			defaultConfigurationName = Release;
		};
		816EB16225311CC500CE316D /* Build configuration list for PBXNativeTarget "DuaaTests" */ = {
			isa = XCConfigurationList;
			buildConfigurations = (
				816EB16325311CC500CE316D /* Debug */,
				816EB16425311CC500CE316D /* Release */,
			);
			defaultConfigurationIsVisible = 0;
			defaultConfigurationName = Release;
		};
		816EB16525311CC500CE316D /* Build configuration list for PBXNativeTarget "DuaaUITests" */ = {
			isa = XCConfigurationList;
			buildConfigurations = (
				816EB16625311CC500CE316D /* Debug */,
				816EB16725311CC500CE316D /* Release */,
			);
			defaultConfigurationIsVisible = 0;
			defaultConfigurationName = Release;
		};
/* End XCConfigurationList section */
	};
	rootObject = 816EB13225311CC400CE316D /* Project object */;
}
